
Microsoft Visual Studio Solution File, Format Version 12.00
# Visual Studio 15
VisualStudioVersion = 15.0.26730.0
MinimumVisualStudioVersion = 10.0.40219.1
Project("{A07B5EB6-E848-4116-A8D0-A826331D98C6}") = "ServiceFabricWCF", "ServiceFabricWCF\ServiceFabricWCF.sfproj", "{4B7778B4-7847-47C7-A3E4-43F57A7788AF}"
EndProject
Project("{FAE04EC0-301F-11D3-BF4B-00C04F79EFBC}") = "Calculator", "Calculator\Calculator.csproj", "{C766DBA0-32F0-492A-9E17-D69222B2AF20}"
EndProject
Project("{FAE04EC0-301F-11D3-BF4B-00C04F79EFBC}") = "ServiceFabricWCF.Client", "ServiceFabricWCF.Client\ServiceFabricWCF.Client.csproj", "{454F7431-3628-44B5-A6A0-870CC9023238}"
EndProject
Project("{FAE04EC0-301F-11D3-BF4B-00C04F79EFBC}") = "ServiceFabricWCF.Shared", "ServiceFabricWCF.Shared\ServiceFabricWCF.Shared.csproj", "{CFAD5D91-BAC6-45F1-A6A5-C23932F2DF03}"
EndProject
Global
	GlobalSection(SolutionConfigurationPlatforms) = preSolution
		Debug|Any CPU = Debug|Any CPU
		Debug|x64 = Debug|x64
		Release|Any CPU = Release|Any CPU
		Release|x64 = Release|x64
	EndGlobalSection
	GlobalSection(ProjectConfigurationPlatforms) = postSolution
		{4B7778B4-7847-47C7-A3E4-43F57A7788AF}.Debug|Any CPU.ActiveCfg = Debug|x64
		{4B7778B4-7847-47C7-A3E4-43F57A7788AF}.Debug|x64.ActiveCfg = Debug|x64
		{4B7778B4-7847-47C7-A3E4-43F57A7788AF}.Debug|x64.Build.0 = Debug|x64
		{4B7778B4-7847-47C7-A3E4-43F57A7788AF}.Debug|x64.Deploy.0 = Debug|x64
		{4B7778B4-7847-47C7-A3E4-43F57A7788AF}.Release|Any CPU.ActiveCfg = Release|x64
		{4B7778B4-7847-47C7-A3E4-43F57A7788AF}.Release|x64.ActiveCfg = Release|x64
		{4B7778B4-7847-47C7-A3E4-43F57A7788AF}.Release|x64.Build.0 = Release|x64
		{4B7778B4-7847-47C7-A3E4-43F57A7788AF}.Release|x64.Deploy.0 = Release|x64
		{C766DBA0-32F0-492A-9E17-D69222B2AF20}.Debug|Any CPU.ActiveCfg = Debug|x64
		{C766DBA0-32F0-492A-9E17-D69222B2AF20}.Debug|x64.ActiveCfg = Debug|x64
		{C766DBA0-32F0-492A-9E17-D69222B2AF20}.Debug|x64.Build.0 = Debug|x64
		{C766DBA0-32F0-492A-9E17-D69222B2AF20}.Release|Any CPU.ActiveCfg = Release|x64
		{C766DBA0-32F0-492A-9E17-D69222B2AF20}.Release|x64.ActiveCfg = Release|x64
		{C766DBA0-32F0-492A-9E17-D69222B2AF20}.Release|x64.Build.0 = Release|x64
		{454F7431-3628-44B5-A6A0-870CC9023238}.Debug|Any CPU.ActiveCfg = Debug|Any CPU
		{454F7431-3628-44B5-A6A0-870CC9023238}.Debug|Any CPU.Build.0 = Debug|Any CPU
		{454F7431-3628-44B5-A6A0-870CC9023238}.Debug|x64.ActiveCfg = Debug|Any CPU
		{454F7431-3628-44B5-A6A0-870CC9023238}.Debug|x64.Build.0 = Debug|Any CPU
		{454F7431-3628-44B5-A6A0-870CC9023238}.Release|Any CPU.ActiveCfg = Release|Any CPU
		{454F7431-3628-44B5-A6A0-870CC9023238}.Release|Any CPU.Build.0 = Release|Any CPU
		{454F7431-3628-44B5-A6A0-870CC9023238}.Release|x64.ActiveCfg = Release|Any CPU
		{454F7431-3628-44B5-A6A0-870CC9023238}.Release|x64.Build.0 = Release|Any CPU
		{CFAD5D91-BAC6-45F1-A6A5-C23932F2DF03}.Debug|Any CPU.ActiveCfg = Debug|Any CPU
		{CFAD5D91-BAC6-45F1-A6A5-C23932F2DF03}.Debug|Any CPU.Build.0 = Debug|Any CPU
		{CFAD5D91-BAC6-45F1-A6A5-C23932F2DF03}.Debug|x64.ActiveCfg = Debug|Any CPU
		{CFAD5D91-BAC6-45F1-A6A5-C23932F2DF03}.Debug|x64.Build.0 = Debug|Any CPU
		{CFAD5D91-BAC6-45F1-A6A5-C23932F2DF03}.Release|Any CPU.ActiveCfg = Release|Any CPU
		{CFAD5D91-BAC6-45F1-A6A5-C23932F2DF03}.Release|Any CPU.Build.0 = Release|Any CPU
		{CFAD5D91-BAC6-45F1-A6A5-C23932F2DF03}.Release|x64.ActiveCfg = Release|Any CPU
		{CFAD5D91-BAC6-45F1-A6A5-C23932F2DF03}.Release|x64.Build.0 = Release|Any CPU
	EndGlobalSection
	GlobalSection(SolutionProperties) = preSolution
		HideSolutionNode = FALSE
	EndGlobalSection
	GlobalSection(ExtensibilityGlobals) = postSolution
		SolutionGuid = {98BA1989-27AB-428B-8A97-F87397ADC594}
	EndGlobalSection
EndGlobal
